# THIS IS AN AUTOGENERATED FILE. DO NOT EDIT THIS FILE DIRECTLY.
# yarn lockfile v1


"@react-navigation/core@~3.5.0":
  version "3.5.1"
  resolved "https://registry.yarnpkg.com/@react-navigation/core/-/core-3.5.1.tgz#7a2339fca3496979305fb3a8ab88c2ca8d8c214d"
  integrity sha512-q7NyhWVYOhVIWqL2GZKa6G78YarXaVTTtOlSDkvy4ZIggo40wZzamlnrJRvsaQX46gsgw45FAWb5SriHh8o7eA==
  dependencies:
    hoist-non-react-statics "^3.3.0"
    path-to-regexp "^1.7.0"
    query-string "^6.4.2"
    react-is "^16.8.6"

"@react-navigation/native@~3.6.1":
  version "3.6.2"
  resolved "https://registry.yarnpkg.com/@react-navigation/native/-/native-3.6.2.tgz#3634697b6350cc5189657ae4551f2d52b57fbbf0"
  integrity sha512-Cybeou6N82ZeRmgnGlu+wzlV3z5BZQR2dmYaNFV1TNLUGHqtvv8E7oNw9uYcz9Ox5LFbiX+FdNTn2d6ZPlK0kg==
  dependencies:
    hoist-non-react-statics "^3.0.1"
    react-native-safe-area-view "^0.14.1"
    react-native-screens "^1.0.0 || ^1.0.0-alpha"

debounce@^1.2.0:
  version "1.2.0"
  resolved "https://registry.yarnpkg.com/debounce/-/debounce-1.2.0.tgz#44a540abc0ea9943018dc0eaa95cce87f65cd131"
  integrity sha512-mYtLl1xfZLi1m4RtQYlZgJUNQjl4ZxVnHzIR8nLLgi4q1YT8o/WM+MK/f8yfcc9s5Ir5zRaPZyZU6xs1Syoocg==

decode-uri-component@^0.2.0:
  version "0.2.0"
  resolved "https://registry.yarnpkg.com/decode-uri-component/-/decode-uri-component-0.2.0.tgz#eb3913333458775cb84cd1a1fae062106bb87545"
  integrity sha1-6zkTMzRYd1y4TNGh+uBiEGu4dUU=

hoist-non-react-statics@^2.3.1, hoist-non-react-statics@^2.5.0:
  version "2.5.5"
  resolved "https://registry.yarnpkg.com/hoist-non-react-statics/-/hoist-non-react-statics-2.5.5.tgz#c5903cf409c0dfd908f388e619d86b9c1174cb47"
  integrity sha512-rqcy4pJo55FTTLWt+bU8ukscqHeE/e9KWvsOW2b/a3afxQZhwkQdT1rPPCJ0rYXdj4vNcasY8zHTH+jF/qStxw==

hoist-non-react-statics@^3.0.1, hoist-non-react-statics@^3.3.0:
  version "3.3.0"
  resolved "https://registry.yarnpkg.com/hoist-non-react-statics/-/hoist-non-react-statics-3.3.0.tgz#b09178f0122184fb95acf525daaecb4d8f45958b"
  integrity sha512-0XsbTXxgiaCDYDIWFcwkmerZPSwywfUqYmwT4jzewKTQSWoE6FCMoUVOeBJWK3E/CrWbxRG3m5GzY4lnIwGRBA==
  dependencies:
    react-is "^16.7.0"

isarray@0.0.1:
  version "0.0.1"
  resolved "https://registry.yarnpkg.com/isarray/-/isarray-0.0.1.tgz#8a18acfca9a8f4177e09abfc6038939b05d1eedf"
  integrity sha1-ihis/Kmo9Bd+Cav8YDiTmwXR7t8=

"js-tokens@^3.0.0 || ^4.0.0":
  version "4.0.0"
  resolved "https://registry.yarnpkg.com/js-tokens/-/js-tokens-4.0.0.tgz#19203fb59991df98e3a287050d4647cdeaf32499"
  integrity sha512-RdJUflcE3cUzKiMqQgsCu06FPu9UdIJO0beYbPhHN4k6apgJtifcoCtT9bcxOpYBtpD2kCM6Sbzg4CausW/PKQ==

lodash.get@^4.4.2:
  version "4.4.2"
  resolved "https://registry.yarnpkg.com/lodash.get/-/lodash.get-4.4.2.tgz#2d177f652fa31e939b4438d5341499dfa3825e99"
  integrity sha1-LRd/ZS+jHpObRDjVNBSZ36OCXpk=

loose-envify@^1.4.0:
  version "1.4.0"
  resolved "https://registry.yarnpkg.com/loose-envify/-/loose-envify-1.4.0.tgz#71ee51fa7be4caec1a63839f7e682d8132d30caf"
  integrity sha512-lyuxPGr/Wfhrlem2CL/UcnUc1zcqKAImBDzukY7Y5F/yQiNdko6+fRLevlw1HgMySw7f611UIY408EtxRSoK3Q==
  dependencies:
    js-tokens "^3.0.0 || ^4.0.0"

object-assign@^4.1.1:
  version "4.1.1"
  resolved "https://registry.yarnpkg.com/object-assign/-/object-assign-4.1.1.tgz#2109adc7965887cfc05cbbd442cac8bfbb360863"
  integrity sha1-IQmtx5ZYh8/AXLvUQsrIv7s2CGM=

path-to-regexp@^1.7.0:
  version "1.7.0"
  resolved "https://registry.yarnpkg.com/path-to-regexp/-/path-to-regexp-1.7.0.tgz#59fde0f435badacba103a84e9d3bc64e96b9937d"
  integrity sha1-Wf3g9DW62suhA6hOnTvGTpa5k30=
  dependencies:
    isarray "0.0.1"

prop-types@^15.6.0, prop-types@^15.6.1, prop-types@^15.7.2:
  version "15.7.2"
  resolved "https://registry.yarnpkg.com/prop-types/-/prop-types-15.7.2.tgz#52c41e75b8c87e72b9d9360e0206b99dcbffa6c5"
  integrity sha512-8QQikdH7//R2vurIJSutZ1smHYTcLpRWEOlHnzcWHmBYrOGUysKwSsrC89BCiFj3CbrfJ/nXFdJepOVrY1GCHQ==
  dependencies:
    loose-envify "^1.4.0"
    object-assign "^4.1.1"
    react-is "^16.8.1"

query-string@^6.4.2:
  version "6.8.3"
  resolved "https://registry.yarnpkg.com/query-string/-/query-string-6.8.3.tgz#fd9fb7ffb068b79062b43383685611ee47777d4b"
  integrity sha512-llcxWccnyaWlODe7A9hRjkvdCKamEKTh+wH8ITdTc3OhchaqUZteiSCX/2ablWHVrkVIe04dntnaZJ7BdyW0lQ==
  dependencies:
    decode-uri-component "^0.2.0"
    split-on-first "^1.0.0"
    strict-uri-encode "^2.0.0"

react-is@^16.7.0, react-is@^16.8.1, react-is@^16.8.6:
  version "16.9.0"
  resolved "https://registry.yarnpkg.com/react-is/-/react-is-16.9.0.tgz#21ca9561399aad0ff1a7701c01683e8ca981edcb"
  integrity sha512-tJBzzzIgnnRfEm046qRcURvwQnZVXmuCbscxUO5RWrGTXpon2d4c8mI0D8WE6ydVIm29JiLB6+RslkIvym9Rjw==

react-lifecycles-compat@^3.0.4:
  version "3.0.4"
  resolved "https://registry.yarnpkg.com/react-lifecycles-compat/-/react-lifecycles-compat-3.0.4.tgz#4f1a273afdfc8f3488a8c516bfda78f872352362"
  integrity sha512-fBASbA6LnOU9dOU2eW7aQ8xmYBSXUIWr+UmF9b1efZBazGNO+rcXT/icdKnYm2pTwcRylVUYwW7H1PHfLekVzA==

react-native-safe-area-view@^0.14.1, react-native-safe-area-view@^0.14.6:
  version "0.14.8"
  resolved "https://registry.yarnpkg.com/react-native-safe-area-view/-/react-native-safe-area-view-0.14.8.tgz#ef33c46ff8164ae77acad48c3039ec9c34873e5b"
  integrity sha512-MtRSIcZNstxv87Jet+UsPhEd1tpGe8cVskDXlP657x6rHpSrbrc+y13ZNXrwAgGNNhqQNX7UJT68ZIq//ZRmvw==
  dependencies:
    hoist-non-react-statics "^2.3.1"

"react-native-screens@^1.0.0 || ^1.0.0-alpha":
  version "1.0.0-alpha.23"
  resolved "https://registry.yarnpkg.com/react-native-screens/-/react-native-screens-1.0.0-alpha.23.tgz#25d7ea4d11bda4fcde2d1da7ae50271c6aa636e0"
  integrity sha512-tOxHGQUN83MTmQB4ghoQkibqOdGiX4JQEmeyEv96MKWO/x8T2PJv84ECUos9hD3blPRQwVwSpAid1PPPhrVEaw==
  dependencies:
    debounce "^1.2.0"

react-native-tab-view@^1.2.0, react-native-tab-view@^1.4.1:
  version "1.4.1"
  resolved "https://registry.yarnpkg.com/react-native-tab-view/-/react-native-tab-view-1.4.1.tgz#f113cd87485808f0c991abec937f70fa380478b9"
  integrity sha512-Bke8KkDcDhvB/z0AS7MnQKMD2p6Kwfc1rSKlMOvg9CC5CnClQ2QEnhPSbwegKDYhUkBI92iH/BYy7hNSm5kbUQ==
  dependencies:
    prop-types "^15.6.1"

react-native-tab-view@^2.9.0:
  version "2.10.0"
  resolved "https://registry.yarnpkg.com/react-native-tab-view/-/react-native-tab-view-2.10.0.tgz#5e249e5650502010013449ffd4e5edc18a95364b"
  integrity sha512-qgexVz5eO4yaFjdkmn/sURXgVvaBo6pZD/q1eoca96SbPVbaH3WzVhF3bRUfeTHwZkXwznFTpS3JURqIFU8vQA==

react-navigation-drawer@^2.0.0:
  version "2.2.2"
  resolved "https://registry.yarnpkg.com/react-navigation-drawer/-/react-navigation-drawer-2.2.2.tgz#f77431e8dcf46e3f69aa201bb7c37979d2df03c9"
  integrity sha512-KcFH7RRzT1XuREkTbNMCqfy7nK7yenzpGKvqp1dTvAE+DIyHHpf+Po959lsmITlt/njQBn+QxvdX1FZ9we3lNA==

react-navigation-drawer@~1.4.0:
  version "1.4.0"
  resolved "https://registry.yarnpkg.com/react-navigation-drawer/-/react-navigation-drawer-1.4.0.tgz#70f3dd83e3da9cd4ea6e2739526502c823d466b9"
  integrity sha512-ZyWBozcjB2aZ7vwCALv90cYA2NpDjM+WALaiYRshvPvue8l7cqynePbHK8GhlMGyJDwZqp4MxQmu8u1XAKp3Bw==
  dependencies:
    react-native-tab-view "^1.2.0"

react-navigation-material-bottom-tabs@^1.0.0:
  version "1.1.1"
  resolved "https://registry.yarnpkg.com/react-navigation-material-bottom-tabs/-/react-navigation-material-bottom-tabs-1.1.1.tgz#17e12719958c1d6770b3138789608f54d5cb7f57"
  integrity sha512-1+F+DZXMoKCN9uewAnOvXCROA693ThS5vTnYRufpAAiZPooLVEAfWyQCNuQIWY0BQIT56/NJJuGC+rIKj/YoAA==
  dependencies:
    hoist-non-react-statics "^2.5.0"
    prop-types "^15.6.0"
    react-navigation-tabs "~1.2.0"

react-navigation-stack@^1.4.0:
  version "1.8.1"
  resolved "https://registry.yarnpkg.com/react-navigation-stack/-/react-navigation-stack-1.8.1.tgz#88602596239b4a238285f3dd1860bb74f7aa2a74"
  integrity sha512-XOkHuYlQjZKnD4jTU0Ml847sKjpwsJpQ6JX4ZfOq8D0e6fPWXbpYNhvUnzHMHMm+tnbhTqkqP1Umu40Hmx748Q==
  dependencies:
    prop-types "^15.7.2"

react-navigation-stack@~1.5.0:
  version "1.5.5"
  resolved "https://registry.yarnpkg.com/react-navigation-stack/-/react-navigation-stack-1.5.5.tgz#0b3cd98b7845a51d9ce9d7d678e9e3b9ed010bc3"
  integrity sha512-qMhOhmUmyPNfFGWMbwv5flrNVsFU4JZSBWnONSgVGK4KWGW8DbobXBi4i4sBAC9Kg8EqJK0qyWcxnkMJJtfMWA==
  dependencies:
    prop-types "^15.7.2"

react-navigation-tabs@^2.3.0:
  version "2.5.5"
  resolved "https://registry.yarnpkg.com/react-navigation-tabs/-/react-navigation-tabs-2.5.5.tgz#f651355b140b35ef5753aac434da5e1943abdd26"
  integrity sha512-oIL5V4agCxcqbWNZzF1h/cm1bxKXNUeGrWaRQEEnuN3TXTEj1SVRz33CnKYg30pVvgF5L2p28sOk15Z4Ao01NQ==
  dependencies:
    hoist-non-react-statics "^3.3.0"
    react-lifecycles-compat "^3.0.4"
    react-native-safe-area-view "^0.14.6"
    react-native-tab-view "^2.9.0"

react-navigation-tabs@~1.2.0:
  version "1.2.0"
  resolved "https://registry.yarnpkg.com/react-navigation-tabs/-/react-navigation-tabs-1.2.0.tgz#602c147029bb4f1c569b26479ddba534fe3ebb19"
  integrity sha512-I6vq3XX4ub9KhWQzcrggznls+2Z2C6w2ro46vokDGGvJ02CBpQRar7J0ETV29Ot5AJY67HucNUmZdH3yDFckmQ==
  dependencies:
    hoist-non-react-statics "^2.5.0"
    prop-types "^15.6.1"
    react-native-tab-view "^1.4.1"

react-navigation@^3.12.1:
  version "3.12.1"
  resolved "https://registry.yarnpkg.com/react-navigation/-/react-navigation-3.12.1.tgz#f86246e65030ab16160e9cbfa8585f3822450e38"
  integrity sha512-WLjQis/A40cIMpFlw4o26nSLN+CvrZp8MGvJoL5K5H7DMZ/TdwgPa/Nm2sAQA27Hw7hOohQGj+diyxFRZi89Iw==
  dependencies:
    "@react-navigation/core" "~3.5.0"
    "@react-navigation/native" "~3.6.1"
    react-navigation-drawer "~1.4.0"
    react-navigation-stack "~1.5.0"
    react-navigation-tabs "~1.2.0"

split-on-first@^1.0.0:
  version "1.1.0"
  resolved "https://registry.yarnpkg.com/split-on-first/-/split-on-first-1.1.0.tgz#f610afeee3b12bce1d0c30425e76398b78249a5f"
  integrity sha512-43ZssAJaMusuKWL8sKUBQXHWOpq8d6CfN/u1p4gUzfJkM05C8rxTmYrkIPTXapZpORA6LkkzcUulJ8FqA7Uudw==

strict-uri-encode@^2.0.0:
  version "2.0.0"
  resolved "https://registry.yarnpkg.com/strict-uri-encode/-/strict-uri-encode-2.0.0.tgz#b9c7330c7042862f6b142dc274bbcc5866ce3546"
  integrity sha1-ucczDHBChi9rFC3CdLvMWGbONUY=
