# THIS IS AN AUTOGENERATED FILE. DO NOT EDIT THIS FILE DIRECTLY.
# yarn lockfile v1


"@react-navigation/core@^3.7.8":
  version "3.7.8"
  resolved "https://registry.yarnpkg.com/@react-navigation/core/-/core-3.7.8.tgz#9c2c191dea8d97b2644f18917d885d4943cb8bff"
  integrity sha512-nqtOuTOTXgtFG57RbcotCgjuW/xznDJ9HnDAA37y+cuThG1Fpf4K3tGvVOyZiGd63xxvb+2NcLb89DPf6rzEkQ==
  dependencies:
    hoist-non-react-statics "^3.3.2"
    path-to-regexp "^1.8.0"
    query-string "^6.13.1"
    react-is "^16.13.0"

"@react-navigation/native@^3.8.2":
  version "3.8.2"
  resolved "https://registry.yarnpkg.com/@react-navigation/native/-/native-3.8.2.tgz#28670d1e063eacffb92f5d431d2a2314a04b1c86"
  integrity sha512-8ImkbwKHf7MEM8XgorGpmfn+sgCKaJvzPowEqdWA2+AXnXlPymJWyehPSA255UbALXSHSiY5cEfhvPcEXwGllg==
  dependencies:
    hoist-non-react-statics "^3.3.2"
    react-native-safe-area-view "^0.14.9"

decode-uri-component@^0.2.0:
  version "0.2.0"
  resolved "https://registry.yarnpkg.com/decode-uri-component/-/decode-uri-component-0.2.0.tgz#eb3913333458775cb84cd1a1fae062106bb87545"
  integrity sha1-6zkTMzRYd1y4TNGh+uBiEGu4dUU=

hoist-non-react-statics@^2.3.1:
  version "2.5.5"
  resolved "https://registry.yarnpkg.com/hoist-non-react-statics/-/hoist-non-react-statics-2.5.5.tgz#c5903cf409c0dfd908f388e619d86b9c1174cb47"
  integrity sha512-rqcy4pJo55FTTLWt+bU8ukscqHeE/e9KWvsOW2b/a3afxQZhwkQdT1rPPCJ0rYXdj4vNcasY8zHTH+jF/qStxw==

hoist-non-react-statics@^3.3.2:
  version "3.3.2"
  resolved "https://registry.yarnpkg.com/hoist-non-react-statics/-/hoist-non-react-statics-3.3.2.tgz#ece0acaf71d62c2969c2ec59feff42a4b1a85b45"
  integrity sha512-/gGivxi8JPKWNm/W0jSmzcMPpfpPLc3dY/6GxhX2hQ9iGj3aDfklV4ET7NjKpSinLpJ5vafa9iiGIEZg10SfBw==
  dependencies:
    react-is "^16.7.0"

isarray@0.0.1:
  version "0.0.1"
  resolved "https://registry.yarnpkg.com/isarray/-/isarray-0.0.1.tgz#8a18acfca9a8f4177e09abfc6038939b05d1eedf"
  integrity sha1-ihis/Kmo9Bd+Cav8YDiTmwXR7t8=

"js-tokens@^3.0.0 || ^4.0.0":
  version "4.0.0"
  resolved "https://registry.yarnpkg.com/js-tokens/-/js-tokens-4.0.0.tgz#19203fb59991df98e3a287050d4647cdeaf32499"
  integrity sha512-RdJUflcE3cUzKiMqQgsCu06FPu9UdIJO0beYbPhHN4k6apgJtifcoCtT9bcxOpYBtpD2kCM6Sbzg4CausW/PKQ==

lodash.get@^4.4.2:
  version "4.4.2"
  resolved "https://registry.yarnpkg.com/lodash.get/-/lodash.get-4.4.2.tgz#2d177f652fa31e939b4438d5341499dfa3825e99"
  integrity sha1-LRd/ZS+jHpObRDjVNBSZ36OCXpk=

loose-envify@^1.4.0:
  version "1.4.0"
  resolved "https://registry.yarnpkg.com/loose-envify/-/loose-envify-1.4.0.tgz#71ee51fa7be4caec1a63839f7e682d8132d30caf"
  integrity sha512-lyuxPGr/Wfhrlem2CL/UcnUc1zcqKAImBDzukY7Y5F/yQiNdko6+fRLevlw1HgMySw7f611UIY408EtxRSoK3Q==
  dependencies:
    js-tokens "^3.0.0 || ^4.0.0"

object-assign@^4.1.1:
  version "4.1.1"
  resolved "https://registry.yarnpkg.com/object-assign/-/object-assign-4.1.1.tgz#2109adc7965887cfc05cbbd442cac8bfbb360863"
  integrity sha1-IQmtx5ZYh8/AXLvUQsrIv7s2CGM=

path-to-regexp@^1.8.0:
  version "1.8.0"
  resolved "https://registry.yarnpkg.com/path-to-regexp/-/path-to-regexp-1.8.0.tgz#887b3ba9d84393e87a0a0b9f4cb756198b53548a"
  integrity sha512-n43JRhlUKUAlibEJhPeir1ncUID16QnEjNpwzNdO3Lm4ywrBpBZ5oLD0I6br9evr1Y9JTqwRtAh7JLoOzAQdVA==
  dependencies:
    isarray "0.0.1"

prop-types@^15.7.2:
  version "15.7.2"
  resolved "https://registry.yarnpkg.com/prop-types/-/prop-types-15.7.2.tgz#52c41e75b8c87e72b9d9360e0206b99dcbffa6c5"
  integrity sha512-8QQikdH7//R2vurIJSutZ1smHYTcLpRWEOlHnzcWHmBYrOGUysKwSsrC89BCiFj3CbrfJ/nXFdJepOVrY1GCHQ==
  dependencies:
    loose-envify "^1.4.0"
    object-assign "^4.1.1"
    react-is "^16.8.1"

query-string@^6.13.1:
  version "6.13.5"
  resolved "https://registry.yarnpkg.com/query-string/-/query-string-6.13.5.tgz#99e95e2fb7021db90a6f373f990c0c814b3812d8"
  integrity sha512-svk3xg9qHR39P3JlHuD7g3nRnyay5mHbrPctEBDUxUkHRifPHXJDhBUycdCC0NBjXoDf44Gb+IsOZL1Uwn8M/Q==
  dependencies:
    decode-uri-component "^0.2.0"
    split-on-first "^1.0.0"
    strict-uri-encode "^2.0.0"

react-is@^16.13.0, react-is@^16.8.1:
  version "16.13.1"
  resolved "https://registry.yarnpkg.com/react-is/-/react-is-16.13.1.tgz#789729a4dc36de2999dc156dd6c1d9c18cea56a4"
  integrity sha512-24e6ynE2H+OKt4kqsOvNd8kBpV65zoxbA4BVsEOB3ARVWQki/DHzaUoC5KuON/BiccDaCCTZBuOcfZs70kR8bQ==

react-is@^16.7.0:
  version "16.9.0"
  resolved "https://registry.yarnpkg.com/react-is/-/react-is-16.9.0.tgz#21ca9561399aad0ff1a7701c01683e8ca981edcb"
  integrity sha512-tJBzzzIgnnRfEm046qRcURvwQnZVXmuCbscxUO5RWrGTXpon2d4c8mI0D8WE6ydVIm29JiLB6+RslkIvym9Rjw==

react-lifecycles-compat@^3.0.4:
  version "3.0.4"
  resolved "https://registry.yarnpkg.com/react-lifecycles-compat/-/react-lifecycles-compat-3.0.4.tgz#4f1a273afdfc8f3488a8c516bfda78f872352362"
  integrity sha512-fBASbA6LnOU9dOU2eW7aQ8xmYBSXUIWr+UmF9b1efZBazGNO+rcXT/icdKnYm2pTwcRylVUYwW7H1PHfLekVzA==

react-native-safe-area-view@^0.14.9:
  version "0.14.9"
  resolved "https://registry.yarnpkg.com/react-native-safe-area-view/-/react-native-safe-area-view-0.14.9.tgz#90ee8383037010d9a5055a97cf97e4c1da1f0c3d"
  integrity sha512-WII/ulhpVyL/qbYb7vydq7dJAfZRBcEhg4/UWt6F6nAKpLa3gAceMOxBxI914ppwSP/TdUsandFy6lkJQE0z4A==
  dependencies:
    hoist-non-react-statics "^2.3.1"

react-native-tab-view@^2.15.1:
  version "2.15.1"
  resolved "https://registry.yarnpkg.com/react-native-tab-view/-/react-native-tab-view-2.15.1.tgz#cf4df4ffdec504263a2e06a6becd8831b9a19ad9"
  integrity sha512-cDYl1pNWspbEHBjHrHVpIC40h4g8VhZe0CIG0CUKcouX98vHVfAojxhgWuRosq9qMhITHpLKM+7BmBLnhCJ0nw==

react-navigation-drawer@^2.3.4:
  version "2.5.2"
  resolved "https://registry.yarnpkg.com/react-navigation-drawer/-/react-navigation-drawer-2.5.2.tgz#ab6338596008ffc6198edf6126419f77936a5be1"
  integrity sha512-t8zp2o7h4rCOz5us1jv7Z6LZ7Bl1IIXnNmJMpMXxcSYxvpcDLDm4PPn74M6Mw1yTuDyKI5EhTo+gGAewnxTf5Q==

react-navigation-material-bottom-tabs@^2.3.0:
  version "2.3.0"
  resolved "https://registry.yarnpkg.com/react-navigation-material-bottom-tabs/-/react-navigation-material-bottom-tabs-2.3.0.tgz#7b08ec5b96bc84b1bda5011f857cedc6af985a66"
  integrity sha512-XHV92IOOoLRjHpdqbjxIHjuLAGwJCOIVxq4ZqW47RQWQZ6NejIDJnwc9MWc7UsChXsu9lbwCEOgss6GxLjFxwg==

react-navigation-stack@^1.7.3:
  version "1.10.3"
  resolved "https://registry.yarnpkg.com/react-navigation-stack/-/react-navigation-stack-1.10.3.tgz#e714e442b20427f0d2d3c18fce1f9e8cfe69be0b"
  integrity sha512-1gksFi/g/Lg9sBhgLlD0OiEB5xnatHb4C0eNMA5tli9cTVlhq375XNPIqOiTyftibBmjdApAsZFj5srUCoOu/w==
  dependencies:
    prop-types "^15.7.2"

react-navigation-tabs@^2.7.0:
  version "2.9.2"
  resolved "https://registry.yarnpkg.com/react-navigation-tabs/-/react-navigation-tabs-2.9.2.tgz#2c148c75a77fba050fb36d16002a808dcb7d3a00"
  integrity sha512-Kz3bFgqTruR76jIz69KQFsvh97oc73otuklaAbrxs6MxK8UkA6RlEk5v5VuPEMwD3RV2yke9SQwEWTDoAWtXTA==
  dependencies:
    hoist-non-react-statics "^3.3.2"
    react-lifecycles-compat "^3.0.4"
    react-native-safe-area-view "^0.14.9"
    react-native-tab-view "^2.15.1"

react-navigation@^4.1.1:
  version "4.4.2"
  resolved "https://registry.yarnpkg.com/react-navigation/-/react-navigation-4.4.2.tgz#a0250d7d76224c017518ad1222606614da264427"
  integrity sha512-QZaQL44ppzyeFA2o1f5HEKHbYJunRXEN7NFJVve51o5KANDadBvml84t7MKmarTmn01J69jZLIjDogkWNlaLQg==
  dependencies:
    "@react-navigation/core" "^3.7.8"
    "@react-navigation/native" "^3.8.2"

split-on-first@^1.0.0:
  version "1.1.0"
  resolved "https://registry.yarnpkg.com/split-on-first/-/split-on-first-1.1.0.tgz#f610afeee3b12bce1d0c30425e76398b78249a5f"
  integrity sha512-43ZssAJaMusuKWL8sKUBQXHWOpq8d6CfN/u1p4gUzfJkM05C8rxTmYrkIPTXapZpORA6LkkzcUulJ8FqA7Uudw==

strict-uri-encode@^2.0.0:
  version "2.0.0"
  resolved "https://registry.yarnpkg.com/strict-uri-encode/-/strict-uri-encode-2.0.0.tgz#b9c7330c7042862f6b142dc274bbcc5866ce3546"
  integrity sha1-ucczDHBChi9rFC3CdLvMWGbONUY=
