# THIS IS AN AUTOGENERATED FILE. DO NOT EDIT THIS FILE DIRECTLY.
# yarn lockfile v1


"@react-navigation/core@^3.5.2":
  version "3.7.6"
  resolved "https://registry.yarnpkg.com/@react-navigation/core/-/core-3.7.6.tgz#e0244fcdc22937825b252197f70308bbe5709c58"
  integrity sha512-loYFIn0Boy7C+vYxwcqsBVRFRO1EizZJErdutE6/3Jw6dbzz3Bnzupbw5hckZNB16GckacMwGoepZNIK51IIcg==
  dependencies:
    hoist-non-react-statics "^3.3.2"
    path-to-regexp "^1.8.0"
    query-string "^6.11.1"
    react-is "^16.13.0"

"@react-navigation/native@^3.6.5":
  version "3.8.0"
  resolved "https://registry.yarnpkg.com/@react-navigation/native/-/native-3.8.0.tgz#35882c3fc2f997ea1a43c12a15088cf4c818fd92"
  integrity sha512-Uym5XdNOTpTR6XC4IVa/Shfn12DUF3DUIqch+cpiLNfvauQukVmWoz+Rfxd2faGOzxT12EhrWGFsMJ/8nuTfcw==
  dependencies:
    hoist-non-react-statics "^3.3.2"
    react-native-safe-area-view "^0.14.9"

color-convert@^1.9.1:
  version "1.9.3"
  resolved "https://registry.yarnpkg.com/color-convert/-/color-convert-1.9.3.tgz#bb71850690e1f136567de629d2d5471deda4c1e8"
  integrity sha512-QfAUtd+vFdAtFQcC8CCyYt1fYWxSqAiK2cSD6zDB8N3cpsEBAvRxp9zOGg6G/SHHJYAT88/az/IuDGALsNVbGg==
  dependencies:
    color-name "1.1.3"

color-name@1.1.3:
  version "1.1.3"
  resolved "https://registry.yarnpkg.com/color-name/-/color-name-1.1.3.tgz#a7d0558bd89c42f795dd42328f740831ca53bc25"
  integrity sha1-p9BVi9icQveV3UIyj3QIMcpTvCU=

color-name@^1.0.0:
  version "1.1.4"
  resolved "https://registry.yarnpkg.com/color-name/-/color-name-1.1.4.tgz#c2a09a87acbde69543de6f63fa3995c826c536a2"
  integrity sha512-dOy+3AuW3a2wNbZHIuMZpTcgjGuLU/uBL/ubcZF9OXbDo8ff4O8yVp5Bf0efS8uEoYo5q4Fx7dY9OgQGXgAsQA==

color-string@^1.5.2:
  version "1.5.3"
  resolved "https://registry.yarnpkg.com/color-string/-/color-string-1.5.3.tgz#c9bbc5f01b58b5492f3d6857459cb6590ce204cc"
  integrity sha512-dC2C5qeWoYkxki5UAXapdjqO672AM4vZuPGRQfO8b5HKuKGBbKWpITyDYN7TOFKvRW7kOgAn3746clDBMDJyQw==
  dependencies:
    color-name "^1.0.0"
    simple-swizzle "^0.2.2"

color@^3.1.2:
  version "3.1.2"
  resolved "https://registry.yarnpkg.com/color/-/color-3.1.2.tgz#68148e7f85d41ad7649c5fa8c8106f098d229e10"
  integrity sha512-vXTJhHebByxZn3lDvDJYw4lR5+uB3vuoHsuYA5AKuxRVn5wzzIfQKGLBmgdVRHKTJYeK5rvJcHnrd0Li49CFpg==
  dependencies:
    color-convert "^1.9.1"
    color-string "^1.5.2"

decode-uri-component@^0.2.0:
  version "0.2.0"
  resolved "https://registry.yarnpkg.com/decode-uri-component/-/decode-uri-component-0.2.0.tgz#eb3913333458775cb84cd1a1fae062106bb87545"
  integrity sha1-6zkTMzRYd1y4TNGh+uBiEGu4dUU=

hoist-non-react-statics@^2.3.1:
  version "2.5.5"
  resolved "https://registry.yarnpkg.com/hoist-non-react-statics/-/hoist-non-react-statics-2.5.5.tgz#c5903cf409c0dfd908f388e619d86b9c1174cb47"
  integrity sha512-rqcy4pJo55FTTLWt+bU8ukscqHeE/e9KWvsOW2b/a3afxQZhwkQdT1rPPCJ0rYXdj4vNcasY8zHTH+jF/qStxw==

hoist-non-react-statics@^3.3.2:
  version "3.3.2"
  resolved "https://registry.yarnpkg.com/hoist-non-react-statics/-/hoist-non-react-statics-3.3.2.tgz#ece0acaf71d62c2969c2ec59feff42a4b1a85b45"
  integrity sha512-/gGivxi8JPKWNm/W0jSmzcMPpfpPLc3dY/6GxhX2hQ9iGj3aDfklV4ET7NjKpSinLpJ5vafa9iiGIEZg10SfBw==
  dependencies:
    react-is "^16.7.0"

is-arrayish@^0.3.1:
  version "0.3.2"
  resolved "https://registry.yarnpkg.com/is-arrayish/-/is-arrayish-0.3.2.tgz#4574a2ae56f7ab206896fb431eaeed066fdf8f03"
  integrity sha512-eVRqCvVlZbuw3GrM63ovNSNAeA1K16kaR/LRY/92w0zxQ5/1YzwblUX652i4Xs9RwAGjW9d9y6X88t8OaAJfWQ==

isarray@0.0.1:
  version "0.0.1"
  resolved "https://registry.yarnpkg.com/isarray/-/isarray-0.0.1.tgz#8a18acfca9a8f4177e09abfc6038939b05d1eedf"
  integrity sha1-ihis/Kmo9Bd+Cav8YDiTmwXR7t8=

lodash.get@^4.4.2:
  version "4.4.2"
  resolved "https://registry.yarnpkg.com/lodash.get/-/lodash.get-4.4.2.tgz#2d177f652fa31e939b4438d5341499dfa3825e99"
  integrity sha1-LRd/ZS+jHpObRDjVNBSZ36OCXpk=

path-to-regexp@^1.8.0:
  version "1.8.0"
  resolved "https://registry.yarnpkg.com/path-to-regexp/-/path-to-regexp-1.8.0.tgz#887b3ba9d84393e87a0a0b9f4cb756198b53548a"
  integrity sha512-n43JRhlUKUAlibEJhPeir1ncUID16QnEjNpwzNdO3Lm4ywrBpBZ5oLD0I6br9evr1Y9JTqwRtAh7JLoOzAQdVA==
  dependencies:
    isarray "0.0.1"

query-string@^6.11.1:
  version "6.13.2"
  resolved "https://registry.yarnpkg.com/query-string/-/query-string-6.13.2.tgz#3585aa9412c957cbd358fd5eaca7466f05586dda"
  integrity sha512-BMmDaUiLDFU1hlM38jTFcRt7HYiGP/zt1sRzrIWm5zpeEuO1rkbPS0ELI3uehoLuuhHDCS8u8lhFN3fEN4JzPQ==
  dependencies:
    decode-uri-component "^0.2.0"
    split-on-first "^1.0.0"
    strict-uri-encode "^2.0.0"

react-is@^16.13.0:
  version "16.13.1"
  resolved "https://registry.yarnpkg.com/react-is/-/react-is-16.13.1.tgz#789729a4dc36de2999dc156dd6c1d9c18cea56a4"
  integrity sha512-24e6ynE2H+OKt4kqsOvNd8kBpV65zoxbA4BVsEOB3ARVWQki/DHzaUoC5KuON/BiccDaCCTZBuOcfZs70kR8bQ==

react-is@^16.7.0:
  version "16.9.0"
  resolved "https://registry.yarnpkg.com/react-is/-/react-is-16.9.0.tgz#21ca9561399aad0ff1a7701c01683e8ca981edcb"
  integrity sha512-tJBzzzIgnnRfEm046qRcURvwQnZVXmuCbscxUO5RWrGTXpon2d4c8mI0D8WE6ydVIm29JiLB6+RslkIvym9Rjw==

react-lifecycles-compat@^3.0.4:
  version "3.0.4"
  resolved "https://registry.yarnpkg.com/react-lifecycles-compat/-/react-lifecycles-compat-3.0.4.tgz#4f1a273afdfc8f3488a8c516bfda78f872352362"
  integrity sha512-fBASbA6LnOU9dOU2eW7aQ8xmYBSXUIWr+UmF9b1efZBazGNO+rcXT/icdKnYm2pTwcRylVUYwW7H1PHfLekVzA==

react-native-iphone-x-helper@^1.2.1:
  version "1.2.1"
  resolved "https://registry.yarnpkg.com/react-native-iphone-x-helper/-/react-native-iphone-x-helper-1.2.1.tgz#645e2ffbbb49e80844bb4cbbe34a126fda1e6772"
  integrity sha512-/VbpIEp8tSNNHIvstuA3Swx610whci1Zpc9mqNkqn14DkMbw+ORviln2u0XyHG1kPvvwTNGZY6QpeFwxYaSdbQ==

react-native-safe-area-view@^0.14.9:
  version "0.14.9"
  resolved "https://registry.yarnpkg.com/react-native-safe-area-view/-/react-native-safe-area-view-0.14.9.tgz#90ee8383037010d9a5055a97cf97e4c1da1f0c3d"
  integrity sha512-WII/ulhpVyL/qbYb7vydq7dJAfZRBcEhg4/UWt6F6nAKpLa3gAceMOxBxI914ppwSP/TdUsandFy6lkJQE0z4A==
  dependencies:
    hoist-non-react-statics "^2.3.1"

react-native-tab-view@^2.11.0:
  version "2.15.1"
  resolved "https://registry.yarnpkg.com/react-native-tab-view/-/react-native-tab-view-2.15.1.tgz#cf4df4ffdec504263a2e06a6becd8831b9a19ad9"
  integrity sha512-cDYl1pNWspbEHBjHrHVpIC40h4g8VhZe0CIG0CUKcouX98vHVfAojxhgWuRosq9qMhITHpLKM+7BmBLnhCJ0nw==

react-navigation-drawer@^2.5.0:
  version "2.5.0"
  resolved "https://registry.yarnpkg.com/react-navigation-drawer/-/react-navigation-drawer-2.5.0.tgz#6d2940fb6f9ae557b47a717203b4058194ae9665"
  integrity sha512-wSsIdLYXYdi9wOOXGzaY4Hk/NIXaP8tClEpjlAPl1rhn3kU++gyJFcQ3xLsPWg0yRYq3y8jDPEWFFf81JqfP9Q==

react-navigation-material-bottom-tabs@^2.3.0:
  version "2.3.0"
  resolved "https://registry.yarnpkg.com/react-navigation-material-bottom-tabs/-/react-navigation-material-bottom-tabs-2.3.0.tgz#7b08ec5b96bc84b1bda5011f857cedc6af985a66"
  integrity sha512-XHV92IOOoLRjHpdqbjxIHjuLAGwJCOIVxq4ZqW47RQWQZ6NejIDJnwc9MWc7UsChXsu9lbwCEOgss6GxLjFxwg==

react-navigation-stack@^2.8.2:
  version "2.8.2"
  resolved "https://registry.yarnpkg.com/react-navigation-stack/-/react-navigation-stack-2.8.2.tgz#e982bbf14a28b23c323b2d4a6fce4e9754b066e6"
  integrity sha512-e1VtlF6NDdzgKmnqE3ucgizrgUWUakdT+r7htQU24iG8AJUFQEw+tH4Lfyj0St6i8/RLckXm+o9VgYJT+pNiRw==
  dependencies:
    color "^3.1.2"
    react-native-iphone-x-helper "^1.2.1"

react-navigation-tabs@^2.9.0:
  version "2.9.0"
  resolved "https://registry.yarnpkg.com/react-navigation-tabs/-/react-navigation-tabs-2.9.0.tgz#37407106f33367ff0ef3e5bb128d03f2721a50ef"
  integrity sha512-+C9wyPtgxpEedhs1aX8pwtM7gJtpDMN3wPwq0jNkmONaurhb3hvE+mt3D7CLtX+zwxmMhcrPxSTSkynORKNn8g==
  dependencies:
    hoist-non-react-statics "^3.3.2"
    react-lifecycles-compat "^3.0.4"
    react-native-safe-area-view "^0.14.9"
    react-native-tab-view "^2.11.0"

react-navigation@~4.1.1:
  version "4.1.1"
  resolved "https://registry.yarnpkg.com/react-navigation/-/react-navigation-4.1.1.tgz#670a1712e945e454fe9cafa424e685c2f1f30832"
  integrity sha512-HEzPOsndrKnxTf0+gsi1N/0GKbwu8KSTOveL7ptJLG7XNXHBXVvp4lbaS3PVPe2IaiXbXCC+y3VJ8dH50wHR4g==
  dependencies:
    "@react-navigation/core" "^3.5.2"
    "@react-navigation/native" "^3.6.5"

simple-swizzle@^0.2.2:
  version "0.2.2"
  resolved "https://registry.yarnpkg.com/simple-swizzle/-/simple-swizzle-0.2.2.tgz#a4da6b635ffcccca33f70d17cb92592de95e557a"
  integrity sha1-pNprY1/8zMoz9w0Xy5JZLeleVXo=
  dependencies:
    is-arrayish "^0.3.1"

split-on-first@^1.0.0:
  version "1.1.0"
  resolved "https://registry.yarnpkg.com/split-on-first/-/split-on-first-1.1.0.tgz#f610afeee3b12bce1d0c30425e76398b78249a5f"
  integrity sha512-43ZssAJaMusuKWL8sKUBQXHWOpq8d6CfN/u1p4gUzfJkM05C8rxTmYrkIPTXapZpORA6LkkzcUulJ8FqA7Uudw==

strict-uri-encode@^2.0.0:
  version "2.0.0"
  resolved "https://registry.yarnpkg.com/strict-uri-encode/-/strict-uri-encode-2.0.0.tgz#b9c7330c7042862f6b142dc274bbcc5866ce3546"
  integrity sha1-ucczDHBChi9rFC3CdLvMWGbONUY=
